// !$*UTF8*$!
{
	archiveVersion = 1;
	classes = {
	};
	objectVersion = 50;
	objects = {

/* Begin PBXBuildFile section */
		1CC80AEF1EFF946F78D20B66 /* Pods_LearningSwiftTests.framework in Frameworks */ = {isa = PBXBuildFile; fileRef = 31EA80271C3F4EA771405033 /* Pods_LearningSwiftTests.framework */; };
		6B97D319C4F51514D293557B /* Pods_LearningSwiftUITests.framework in Frameworks */ = {isa = PBXBuildFile; fileRef = 9C762E4A8BD13F5366AB85E1 /* Pods_LearningSwiftUITests.framework */; };
		81518B75FD55DD6FBAAD7E2D /* Pods_LearningSwift.framework in Frameworks */ = {isa = PBXBuildFile; fileRef = AC2F7F78D3651DE983E130B6 /* Pods_LearningSwift.framework */; };
		E006B5A921199F7F0063F2A3 /* ChatListViewController.swift in Sources */ = {isa = PBXBuildFile; fileRef = E006B5A821199F7F0063F2A3 /* ChatListViewController.swift */; };
		E006B5B02119A3580063F2A3 /* ChatListTableViewDataSource.swift in Sources */ = {isa = PBXBuildFile; fileRef = E006B5AF2119A3580063F2A3 /* ChatListTableViewDataSource.swift */; };
		E006B5B2211A8B4B0063F2A3 /* ChatListTableCell.swift in Sources */ = {isa = PBXBuildFile; fileRef = E006B5B1211A8B4B0063F2A3 /* ChatListTableCell.swift */; };
		E006B5B4211A92C80063F2A3 /* BaseViewController.swift in Sources */ = {isa = PBXBuildFile; fileRef = E006B5B3211A92C80063F2A3 /* BaseViewController.swift */; };
		E006B5B6211A93160063F2A3 /* BaseTableViewCell.swift in Sources */ = {isa = PBXBuildFile; fileRef = E006B5B5211A93160063F2A3 /* BaseTableViewCell.swift */; };
		E006B5B8211A93310063F2A3 /* BaseView.swift in Sources */ = {isa = PBXBuildFile; fileRef = E006B5B7211A93310063F2A3 /* BaseView.swift */; };
		E006B5BC211AC1810063F2A3 /* ChatDetailViewController.swift in Sources */ = {isa = PBXBuildFile; fileRef = E006B5BB211AC1810063F2A3 /* ChatDetailViewController.swift */; };
		E006B5BE211AC7B00063F2A3 /* ChatDetailTableCell.swift in Sources */ = {isa = PBXBuildFile; fileRef = E006B5BD211AC7AF0063F2A3 /* ChatDetailTableCell.swift */; };
		E01CC10D214213E800CAFD93 /* CoreDataHelper.swift in Sources */ = {isa = PBXBuildFile; fileRef = E01CC10C214213E800CAFD93 /* CoreDataHelper.swift */; };
		E01CC110214216AC00CAFD93 /* CoreDataModel.xcdatamodeld in Sources */ = {isa = PBXBuildFile; fileRef = E01CC10E214216AC00CAFD93 /* CoreDataModel.xcdatamodeld */; };
		E03A863D211BD57E001CF144 /* ChatDetailToolBar.swift in Sources */ = {isa = PBXBuildFile; fileRef = E03A863C211BD57E001CF144 /* ChatDetailToolBar.swift */; };
		E03A8642211BEDDA001CF144 /* UIImage+Extension.swift in Sources */ = {isa = PBXBuildFile; fileRef = E03A8641211BEDDA001CF144 /* UIImage+Extension.swift */; };
		E03A8644211C1D68001CF144 /* ChatDetailToolBarViewController.swift in Sources */ = {isa = PBXBuildFile; fileRef = E03A8643211C1D68001CF144 /* ChatDetailToolBarViewController.swift */; };
		E03A8646211C21E2001CF144 /* ChatMoreView.swift in Sources */ = {isa = PBXBuildFile; fileRef = E03A8645211C21E2001CF144 /* ChatMoreView.swift */; };
		E03A8648211C21F5001CF144 /* ChatFaceView.swift in Sources */ = {isa = PBXBuildFile; fileRef = E03A8647211C21F5001CF144 /* ChatFaceView.swift */; };
		E03A864A211C2E4E001CF144 /* Enums.swift in Sources */ = {isa = PBXBuildFile; fileRef = E03A8649211C2E4E001CF144 /* Enums.swift */; };
		E03DCF862133E50000BB2E43 /* OathTokenHelper.swift in Sources */ = {isa = PBXBuildFile; fileRef = E03DCF852133E50000BB2E43 /* OathTokenHelper.swift */; };
		E03DCF882133EEBF00BB2E43 /* NewsListTableCell.swift in Sources */ = {isa = PBXBuildFile; fileRef = E03DCF872133EEBF00BB2E43 /* NewsListTableCell.swift */; };
		E03DCF8B2133FA3A00BB2E43 /* NewsModel.swift in Sources */ = {isa = PBXBuildFile; fileRef = E03DCF8A2133FA3A00BB2E43 /* NewsModel.swift */; };
		E03DCF93213D24CE00BB2E43 /* ChatViewModel.swift in Sources */ = {isa = PBXBuildFile; fileRef = E03DCF92213D24CE00BB2E43 /* ChatViewModel.swift */; };
		E03DCF96213FD1A800BB2E43 /* FriendListViewController.swift in Sources */ = {isa = PBXBuildFile; fileRef = E03DCF95213FD1A800BB2E43 /* FriendListViewController.swift */; };
		E03DCF98213FD1C600BB2E43 /* FriendListTableCell.swift in Sources */ = {isa = PBXBuildFile; fileRef = E03DCF97213FD1C600BB2E43 /* FriendListTableCell.swift */; };
		E03DCF9A2140C6B000BB2E43 /* ChatModel.swift in Sources */ = {isa = PBXBuildFile; fileRef = E03DCF992140C6B000BB2E43 /* ChatModel.swift */; };
		E044C79B20EA2AFF00E9569B /* CommunityViewController.swift in Sources */ = {isa = PBXBuildFile; fileRef = E044C79A20EA2AFF00E9569B /* CommunityViewController.swift */; };
		E044C7A420EB0B4200E9569B /* MainTabBarController.swift in Sources */ = {isa = PBXBuildFile; fileRef = E044C7A320EB0B4200E9569B /* MainTabBarController.swift */; };
		E044C7A620EB0D3A00E9569B /* BaseNavigationController.swift in Sources */ = {isa = PBXBuildFile; fileRef = E044C7A520EB0D3A00E9569B /* BaseNavigationController.swift */; };
		E04D876620DFA03C006A6ACD /* AppDelegate.swift in Sources */ = {isa = PBXBuildFile; fileRef = E04D876520DFA03C006A6ACD /* AppDelegate.swift */; };
		E04D876820DFA03C006A6ACD /* VideoViewController.swift in Sources */ = {isa = PBXBuildFile; fileRef = E04D876720DFA03C006A6ACD /* VideoViewController.swift */; };
		E04D876B20DFA03C006A6ACD /* Main.storyboard in Resources */ = {isa = PBXBuildFile; fileRef = E04D876920DFA03C006A6ACD /* Main.storyboard */; };
		E04D876D20DFA045006A6ACD /* Assets.xcassets in Resources */ = {isa = PBXBuildFile; fileRef = E04D876C20DFA045006A6ACD /* Assets.xcassets */; };
		E04D877020DFA045006A6ACD /* LaunchScreen.storyboard in Resources */ = {isa = PBXBuildFile; fileRef = E04D876E20DFA045006A6ACD /* LaunchScreen.storyboard */; };
		E04D877B20DFA046006A6ACD /* LearningSwiftTests.swift in Sources */ = {isa = PBXBuildFile; fileRef = E04D877A20DFA046006A6ACD /* LearningSwiftTests.swift */; };
		E04D878620DFA046006A6ACD /* LearningSwiftUITests.swift in Sources */ = {isa = PBXBuildFile; fileRef = E04D878520DFA046006A6ACD /* LearningSwiftUITests.swift */; };
		E062038B21476B1300D17846 /* Friend+CoreDataClass.swift in Sources */ = {isa = PBXBuildFile; fileRef = E062038321476B1300D17846 /* Friend+CoreDataClass.swift */; };
		E062038C21476B1300D17846 /* Friend+CoreDataProperties.swift in Sources */ = {isa = PBXBuildFile; fileRef = E062038421476B1300D17846 /* Friend+CoreDataProperties.swift */; };
		E062038D21476B1300D17846 /* Message+CoreDataClass.swift in Sources */ = {isa = PBXBuildFile; fileRef = E062038521476B1300D17846 /* Message+CoreDataClass.swift */; };
		E062038E21476B1300D17846 /* Message+CoreDataProperties.swift in Sources */ = {isa = PBXBuildFile; fileRef = E062038621476B1300D17846 /* Message+CoreDataProperties.swift */; };
		E062038F21476B1300D17846 /* Channel+CoreDataClass.swift in Sources */ = {isa = PBXBuildFile; fileRef = E062038721476B1300D17846 /* Channel+CoreDataClass.swift */; };
		E062039021476B1300D17846 /* Channel+CoreDataProperties.swift in Sources */ = {isa = PBXBuildFile; fileRef = E062038821476B1300D17846 /* Channel+CoreDataProperties.swift */; };
		E062039121476B1300D17846 /* User+CoreDataClass.swift in Sources */ = {isa = PBXBuildFile; fileRef = E062038921476B1300D17846 /* User+CoreDataClass.swift */; };
		E062039221476B1300D17846 /* User+CoreDataProperties.swift in Sources */ = {isa = PBXBuildFile; fileRef = E062038A21476B1300D17846 /* User+CoreDataProperties.swift */; };
		E0C00BC820F7432400E1654F /* Emoji.swift in Sources */ = {isa = PBXBuildFile; fileRef = E0C00BC720F7432400E1654F /* Emoji.swift */; };
		E0C00BCC20F7434900E1654F /* emojis.plist in Resources */ = {isa = PBXBuildFile; fileRef = E0C00BC920F7434900E1654F /* emojis.plist */; };
		E0C00BCD20F7434900E1654F /* emoji_sort.plist in Resources */ = {isa = PBXBuildFile; fileRef = E0C00BCA20F7434900E1654F /* emoji_sort.plist */; };
		E0C00BCE20F7434900E1654F /* emoji_mapping.plist in Resources */ = {isa = PBXBuildFile; fileRef = E0C00BCB20F7434900E1654F /* emoji_mapping.plist */; };
		E0C3071C211D9A4F00C9C263 /* EmotionListView.swift in Sources */ = {isa = PBXBuildFile; fileRef = E0C3071B211D9A4F00C9C263 /* EmotionListView.swift */; };
		E0C3071F212269F500C9C263 /* EmotionMenuView.swift in Sources */ = {isa = PBXBuildFile; fileRef = E0C3071E212269F500C9C263 /* EmotionMenuView.swift */; };
		E0C3072121226A2700C9C263 /* EmotionButton.swift in Sources */ = {isa = PBXBuildFile; fileRef = E0C3072021226A2700C9C263 /* EmotionButton.swift */; };
		E0C3072321226AD200C9C263 /* EmotionPageView.swift in Sources */ = {isa = PBXBuildFile; fileRef = E0C3072221226AD200C9C263 /* EmotionPageView.swift */; };
		E0C3072521226B2E00C9C263 /* WYEmotion.swift in Sources */ = {isa = PBXBuildFile; fileRef = E0C3072421226B2E00C9C263 /* WYEmotion.swift */; };
		E0C3072821226DE600C9C263 /* String+Extension.swift in Sources */ = {isa = PBXBuildFile; fileRef = E0C3072721226DE600C9C263 /* String+Extension.swift */; };
		E0C3072A2122836700C9C263 /* MessageConst.swift in Sources */ = {isa = PBXBuildFile; fileRef = E0C307292122836700C9C263 /* MessageConst.swift */; };
		E0C3072C2122D77100C9C263 /* FaceManager.swift in Sources */ = {isa = PBXBuildFile; fileRef = E0C3072B2122D77100C9C263 /* FaceManager.swift */; };
		E0C3072E2122D9B200C9C263 /* normal_face.plist in Resources */ = {isa = PBXBuildFile; fileRef = E0C3072D2122D9B200C9C263 /* normal_face.plist */; };
		E0C307302122D9BC00C9C263 /* emoji.plist in Resources */ = {isa = PBXBuildFile; fileRef = E0C3072F2122D9BC00C9C263 /* emoji.plist */; };
		E0E54314212C05EB00CB46EF /* NotificationConst.swift in Sources */ = {isa = PBXBuildFile; fileRef = E0E54313212C05EB00CB46EF /* NotificationConst.swift */; };
		E0E54317212EBB7600CB46EF /* CentrifugeHelper.swift in Sources */ = {isa = PBXBuildFile; fileRef = E0E54316212EBB7600CB46EF /* CentrifugeHelper.swift */; };
		E0E54319212F968D00CB46EF /* Alert.swift in Sources */ = {isa = PBXBuildFile; fileRef = E0E54318212F968D00CB46EF /* Alert.swift */; };
		E0F5687720EB10880017BED5 /* Const.swift in Sources */ = {isa = PBXBuildFile; fileRef = E0F5687620EB10880017BED5 /* Const.swift */; };
		E0F5687920EC61CF0017BED5 /* NewsViewController.swift in Sources */ = {isa = PBXBuildFile; fileRef = E0F5687820EC61CF0017BED5 /* NewsViewController.swift */; };
		E0F5687B20EC766B0017BED5 /* MomentViewController.swift in Sources */ = {isa = PBXBuildFile; fileRef = E0F5687A20EC766B0017BED5 /* MomentViewController.swift */; };
		E0F5687D20EC77540017BED5 /* BaseTableViewController.swift in Sources */ = {isa = PBXBuildFile; fileRef = E0F5687C20EC77540017BED5 /* BaseTableViewController.swift */; };
		E0F5688020EC77A20017BED5 /* night_theme.plist in Resources */ = {isa = PBXBuildFile; fileRef = E0F5687E20EC77A20017BED5 /* night_theme.plist */; };
		E0F5688120EC77A20017BED5 /* default_theme.plist in Resources */ = {isa = PBXBuildFile; fileRef = E0F5687F20EC77A20017BED5 /* default_theme.plist */; };
		E0F5688420EC7A060017BED5 /* NetworkHelper.swift in Sources */ = {isa = PBXBuildFile; fileRef = E0F5688320EC7A060017BED5 /* NetworkHelper.swift */; };
		E0F5688620EC7AEF0017BED5 /* RefreshHeader.swift in Sources */ = {isa = PBXBuildFile; fileRef = E0F5688520EC7AEF0017BED5 /* RefreshHeader.swift */; };
		E0F5688E20EC9C020017BED5 /* SVProgressHUD+Extension.swift in Sources */ = {isa = PBXBuildFile; fileRef = E0F5688A20EC9C020017BED5 /* SVProgressHUD+Extension.swift */; };
		E0F5688F20EC9C020017BED5 /* Foundation+Extension.swift in Sources */ = {isa = PBXBuildFile; fileRef = E0F5688B20EC9C020017BED5 /* Foundation+Extension.swift */; };
		E0F5689020EC9C020017BED5 /* UIKit+Extension.swift in Sources */ = {isa = PBXBuildFile; fileRef = E0F5688C20EC9C020017BED5 /* UIKit+Extension.swift */; };
/* End PBXBuildFile section */

/* Begin PBXContainerItemProxy section */
		E04D877720DFA046006A6ACD /* PBXContainerItemProxy */ = {
			isa = PBXContainerItemProxy;
			containerPortal = E04D875A20DFA03B006A6ACD /* Project object */;
			proxyType = 1;
			remoteGlobalIDString = E04D876120DFA03B006A6ACD;
			remoteInfo = LearningSwift;
		};
		E04D878220DFA046006A6ACD /* PBXContainerItemProxy */ = {
			isa = PBXContainerItemProxy;
			containerPortal = E04D875A20DFA03B006A6ACD /* Project object */;
			proxyType = 1;
			remoteGlobalIDString = E04D876120DFA03B006A6ACD;
			remoteInfo = LearningSwift;
		};
/* End PBXContainerItemProxy section */

/* Begin PBXFileReference section */
		31EA80271C3F4EA771405033 /* Pods_LearningSwiftTests.framework */ = {isa = PBXFileReference; explicitFileType = wrapper.framework; includeInIndex = 0; path = Pods_LearningSwiftTests.framework; sourceTree = BUILT_PRODUCTS_DIR; };
		9C762E4A8BD13F5366AB85E1 /* Pods_LearningSwiftUITests.framework */ = {isa = PBXFileReference; explicitFileType = wrapper.framework; includeInIndex = 0; path = Pods_LearningSwiftUITests.framework; sourceTree = BUILT_PRODUCTS_DIR; };
		9F493703292E898FD9BF0D39 /* Pods-LearningSwiftUITests.release.xcconfig */ = {isa = PBXFileReference; includeInIndex = 1; lastKnownFileType = text.xcconfig; name = "Pods-LearningSwiftUITests.release.xcconfig"; path = "Pods/Target Support Files/Pods-LearningSwiftUITests/Pods-LearningSwiftUITests.release.xcconfig"; sourceTree = "<group>"; };
		AC2F7F78D3651DE983E130B6 /* Pods_LearningSwift.framework */ = {isa = PBXFileReference; explicitFileType = wrapper.framework; includeInIndex = 0; path = Pods_LearningSwift.framework; sourceTree = BUILT_PRODUCTS_DIR; };
		B079A8D1010EEECE7789C49E /* Pods-LearningSwift.release.xcconfig */ = {isa = PBXFileReference; includeInIndex = 1; lastKnownFileType = text.xcconfig; name = "Pods-LearningSwift.release.xcconfig"; path = "Pods/Target Support Files/Pods-LearningSwift/Pods-LearningSwift.release.xcconfig"; sourceTree = "<group>"; };
		C64DC94C88419437867B2B7E /* Pods-LearningSwift.debug.xcconfig */ = {isa = PBXFileReference; includeInIndex = 1; lastKnownFileType = text.xcconfig; name = "Pods-LearningSwift.debug.xcconfig"; path = "Pods/Target Support Files/Pods-LearningSwift/Pods-LearningSwift.debug.xcconfig"; sourceTree = "<group>"; };
		E006B5A821199F7F0063F2A3 /* ChatListViewController.swift */ = {isa = PBXFileReference; lastKnownFileType = sourcecode.swift; path = ChatListViewController.swift; sourceTree = "<group>"; };
		E006B5AF2119A3580063F2A3 /* ChatListTableViewDataSource.swift */ = {isa = PBXFileReference; lastKnownFileType = sourcecode.swift; path = ChatListTableViewDataSource.swift; sourceTree = "<group>"; };
		E006B5B1211A8B4B0063F2A3 /* ChatListTableCell.swift */ = {isa = PBXFileReference; lastKnownFileType = sourcecode.swift; path = ChatListTableCell.swift; sourceTree = "<group>"; };
		E006B5B3211A92C80063F2A3 /* BaseViewController.swift */ = {isa = PBXFileReference; lastKnownFileType = sourcecode.swift; path = BaseViewController.swift; sourceTree = "<group>"; };
		E006B5B5211A93160063F2A3 /* BaseTableViewCell.swift */ = {isa = PBXFileReference; lastKnownFileType = sourcecode.swift; path = BaseTableViewCell.swift; sourceTree = "<group>"; };
		E006B5B7211A93310063F2A3 /* BaseView.swift */ = {isa = PBXFileReference; lastKnownFileType = sourcecode.swift; path = BaseView.swift; sourceTree = "<group>"; };
		E006B5BB211AC1810063F2A3 /* ChatDetailViewController.swift */ = {isa = PBXFileReference; lastKnownFileType = sourcecode.swift; path = ChatDetailViewController.swift; sourceTree = "<group>"; };
		E006B5BD211AC7AF0063F2A3 /* ChatDetailTableCell.swift */ = {isa = PBXFileReference; lastKnownFileType = sourcecode.swift; path = ChatDetailTableCell.swift; sourceTree = "<group>"; };
		E01CC10C214213E800CAFD93 /* CoreDataHelper.swift */ = {isa = PBXFileReference; lastKnownFileType = sourcecode.swift; path = CoreDataHelper.swift; sourceTree = "<group>"; };
		E01CC10F214216AC00CAFD93 /* CoreDataModel.xcdatamodel */ = {isa = PBXFileReference; lastKnownFileType = wrapper.xcdatamodel; path = CoreDataModel.xcdatamodel; sourceTree = "<group>"; };
		E03A863C211BD57E001CF144 /* ChatDetailToolBar.swift */ = {isa = PBXFileReference; lastKnownFileType = sourcecode.swift; path = ChatDetailToolBar.swift; sourceTree = "<group>"; };
		E03A8641211BEDDA001CF144 /* UIImage+Extension.swift */ = {isa = PBXFileReference; lastKnownFileType = sourcecode.swift; path = "UIImage+Extension.swift"; sourceTree = "<group>"; };
		E03A8643211C1D68001CF144 /* ChatDetailToolBarViewController.swift */ = {isa = PBXFileReference; lastKnownFileType = sourcecode.swift; path = ChatDetailToolBarViewController.swift; sourceTree = "<group>"; };
		E03A8645211C21E2001CF144 /* ChatMoreView.swift */ = {isa = PBXFileReference; lastKnownFileType = sourcecode.swift; path = ChatMoreView.swift; sourceTree = "<group>"; };
		E03A8647211C21F5001CF144 /* ChatFaceView.swift */ = {isa = PBXFileReference; lastKnownFileType = sourcecode.swift; path = ChatFaceView.swift; sourceTree = "<group>"; };
		E03A8649211C2E4E001CF144 /* Enums.swift */ = {isa = PBXFileReference; lastKnownFileType = sourcecode.swift; path = Enums.swift; sourceTree = "<group>"; };
		E03DCF852133E50000BB2E43 /* OathTokenHelper.swift */ = {isa = PBXFileReference; lastKnownFileType = sourcecode.swift; path = OathTokenHelper.swift; sourceTree = "<group>"; };
		E03DCF872133EEBF00BB2E43 /* NewsListTableCell.swift */ = {isa = PBXFileReference; lastKnownFileType = sourcecode.swift; path = NewsListTableCell.swift; sourceTree = "<group>"; };
		E03DCF8A2133FA3A00BB2E43 /* NewsModel.swift */ = {isa = PBXFileReference; lastKnownFileType = sourcecode.swift; path = NewsModel.swift; sourceTree = "<group>"; };
		E03DCF92213D24CE00BB2E43 /* ChatViewModel.swift */ = {isa = PBXFileReference; lastKnownFileType = sourcecode.swift; path = ChatViewModel.swift; sourceTree = "<group>"; };
		E03DCF95213FD1A800BB2E43 /* FriendListViewController.swift */ = {isa = PBXFileReference; lastKnownFileType = sourcecode.swift; path = FriendListViewController.swift; sourceTree = "<group>"; };
		E03DCF97213FD1C600BB2E43 /* FriendListTableCell.swift */ = {isa = PBXFileReference; lastKnownFileType = sourcecode.swift; path = FriendListTableCell.swift; sourceTree = "<group>"; };
		E03DCF992140C6B000BB2E43 /* ChatModel.swift */ = {isa = PBXFileReference; lastKnownFileType = sourcecode.swift; path = ChatModel.swift; sourceTree = "<group>"; };
		E044C79A20EA2AFF00E9569B /* CommunityViewController.swift */ = {isa = PBXFileReference; lastKnownFileType = sourcecode.swift; path = CommunityViewController.swift; sourceTree = "<group>"; };
		E044C7A320EB0B4200E9569B /* MainTabBarController.swift */ = {isa = PBXFileReference; lastKnownFileType = sourcecode.swift; path = MainTabBarController.swift; sourceTree = "<group>"; };
		E044C7A520EB0D3A00E9569B /* BaseNavigationController.swift */ = {isa = PBXFileReference; lastKnownFileType = sourcecode.swift; path = BaseNavigationController.swift; sourceTree = "<group>"; };
		E04D876220DFA03B006A6ACD /* LearningSwift.app */ = {isa = PBXFileReference; explicitFileType = wrapper.application; includeInIndex = 0; path = LearningSwift.app; sourceTree = BUILT_PRODUCTS_DIR; };
		E04D876520DFA03C006A6ACD /* AppDelegate.swift */ = {isa = PBXFileReference; lastKnownFileType = sourcecode.swift; path = AppDelegate.swift; sourceTree = "<group>"; };
		E04D876720DFA03C006A6ACD /* VideoViewController.swift */ = {isa = PBXFileReference; lastKnownFileType = sourcecode.swift; path = VideoViewController.swift; sourceTree = "<group>"; };
		E04D876A20DFA03C006A6ACD /* Base */ = {isa = PBXFileReference; lastKnownFileType = file.storyboard; name = Base; path = Base.lproj/Main.storyboard; sourceTree = "<group>"; };
		E04D876C20DFA045006A6ACD /* Assets.xcassets */ = {isa = PBXFileReference; lastKnownFileType = folder.assetcatalog; path = Assets.xcassets; sourceTree = "<group>"; };
		E04D876F20DFA045006A6ACD /* Base */ = {isa = PBXFileReference; lastKnownFileType = file.storyboard; name = Base; path = Base.lproj/LaunchScreen.storyboard; sourceTree = "<group>"; };
		E04D877120DFA045006A6ACD /* Info.plist */ = {isa = PBXFileReference; lastKnownFileType = text.plist.xml; path = Info.plist; sourceTree = "<group>"; };
		E04D877620DFA046006A6ACD /* LearningSwiftTests.xctest */ = {isa = PBXFileReference; explicitFileType = wrapper.cfbundle; includeInIndex = 0; path = LearningSwiftTests.xctest; sourceTree = BUILT_PRODUCTS_DIR; };
		E04D877A20DFA046006A6ACD /* LearningSwiftTests.swift */ = {isa = PBXFileReference; lastKnownFileType = sourcecode.swift; path = LearningSwiftTests.swift; sourceTree = "<group>"; };
		E04D877C20DFA046006A6ACD /* Info.plist */ = {isa = PBXFileReference; lastKnownFileType = text.plist.xml; path = Info.plist; sourceTree = "<group>"; };
		E04D878120DFA046006A6ACD /* LearningSwiftUITests.xctest */ = {isa = PBXFileReference; explicitFileType = wrapper.cfbundle; includeInIndex = 0; path = LearningSwiftUITests.xctest; sourceTree = BUILT_PRODUCTS_DIR; };
		E04D878520DFA046006A6ACD /* LearningSwiftUITests.swift */ = {isa = PBXFileReference; lastKnownFileType = sourcecode.swift; path = LearningSwiftUITests.swift; sourceTree = "<group>"; };
		E04D878720DFA046006A6ACD /* Info.plist */ = {isa = PBXFileReference; lastKnownFileType = text.plist.xml; path = Info.plist; sourceTree = "<group>"; };
		E062038321476B1300D17846 /* Friend+CoreDataClass.swift */ = {isa = PBXFileReference; lastKnownFileType = sourcecode.swift; path = "Friend+CoreDataClass.swift"; sourceTree = "<group>"; };
		E062038421476B1300D17846 /* Friend+CoreDataProperties.swift */ = {isa = PBXFileReference; lastKnownFileType = sourcecode.swift; path = "Friend+CoreDataProperties.swift"; sourceTree = "<group>"; };
		E062038521476B1300D17846 /* Message+CoreDataClass.swift */ = {isa = PBXFileReference; lastKnownFileType = sourcecode.swift; path = "Message+CoreDataClass.swift"; sourceTree = "<group>"; };
		E062038621476B1300D17846 /* Message+CoreDataProperties.swift */ = {isa = PBXFileReference; lastKnownFileType = sourcecode.swift; path = "Message+CoreDataProperties.swift"; sourceTree = "<group>"; };
		E062038721476B1300D17846 /* Channel+CoreDataClass.swift */ = {isa = PBXFileReference; lastKnownFileType = sourcecode.swift; path = "Channel+CoreDataClass.swift"; sourceTree = "<group>"; };
		E062038821476B1300D17846 /* Channel+CoreDataProperties.swift */ = {isa = PBXFileReference; lastKnownFileType = sourcecode.swift; path = "Channel+CoreDataProperties.swift"; sourceTree = "<group>"; };
		E062038921476B1300D17846 /* User+CoreDataClass.swift */ = {isa = PBXFileReference; lastKnownFileType = sourcecode.swift; path = "User+CoreDataClass.swift"; sourceTree = "<group>"; };
		E062038A21476B1300D17846 /* User+CoreDataProperties.swift */ = {isa = PBXFileReference; lastKnownFileType = sourcecode.swift; path = "User+CoreDataProperties.swift"; sourceTree = "<group>"; };
		E0C00BC720F7432400E1654F /* Emoji.swift */ = {isa = PBXFileReference; fileEncoding = 4; lastKnownFileType = sourcecode.swift; path = Emoji.swift; sourceTree = "<group>"; };
		E0C00BC920F7434900E1654F /* emojis.plist */ = {isa = PBXFileReference; fileEncoding = 4; lastKnownFileType = text.plist.xml; path = emojis.plist; sourceTree = "<group>"; };
		E0C00BCA20F7434900E1654F /* emoji_sort.plist */ = {isa = PBXFileReference; lastKnownFileType = file.bplist; path = emoji_sort.plist; sourceTree = "<group>"; };
		E0C00BCB20F7434900E1654F /* emoji_mapping.plist */ = {isa = PBXFileReference; lastKnownFileType = file.bplist; path = emoji_mapping.plist; sourceTree = "<group>"; };
		E0C3071B211D9A4F00C9C263 /* EmotionListView.swift */ = {isa = PBXFileReference; lastKnownFileType = sourcecode.swift; path = EmotionListView.swift; sourceTree = "<group>"; };
		E0C3071E212269F500C9C263 /* EmotionMenuView.swift */ = {isa = PBXFileReference; lastKnownFileType = sourcecode.swift; path = EmotionMenuView.swift; sourceTree = "<group>"; };
		E0C3072021226A2700C9C263 /* EmotionButton.swift */ = {isa = PBXFileReference; lastKnownFileType = sourcecode.swift; path = EmotionButton.swift; sourceTree = "<group>"; };
		E0C3072221226AD200C9C263 /* EmotionPageView.swift */ = {isa = PBXFileReference; lastKnownFileType = sourcecode.swift; path = EmotionPageView.swift; sourceTree = "<group>"; };
		E0C3072421226B2E00C9C263 /* WYEmotion.swift */ = {isa = PBXFileReference; lastKnownFileType = sourcecode.swift; path = WYEmotion.swift; sourceTree = "<group>"; };
		E0C3072721226DE600C9C263 /* String+Extension.swift */ = {isa = PBXFileReference; lastKnownFileType = sourcecode.swift; path = "String+Extension.swift"; sourceTree = "<group>"; };
		E0C307292122836700C9C263 /* MessageConst.swift */ = {isa = PBXFileReference; lastKnownFileType = sourcecode.swift; path = MessageConst.swift; sourceTree = "<group>"; };
		E0C3072B2122D77100C9C263 /* FaceManager.swift */ = {isa = PBXFileReference; lastKnownFileType = sourcecode.swift; path = FaceManager.swift; sourceTree = "<group>"; };
		E0C3072D2122D9B200C9C263 /* normal_face.plist */ = {isa = PBXFileReference; fileEncoding = 4; lastKnownFileType = text.plist.xml; path = normal_face.plist; sourceTree = "<group>"; };
		E0C3072F2122D9BC00C9C263 /* emoji.plist */ = {isa = PBXFileReference; fileEncoding = 4; lastKnownFileType = text.plist.xml; path = emoji.plist; sourceTree = "<group>"; };
		E0E54313212C05EB00CB46EF /* NotificationConst.swift */ = {isa = PBXFileReference; lastKnownFileType = sourcecode.swift; path = NotificationConst.swift; sourceTree = "<group>"; };
		E0E54316212EBB7600CB46EF /* CentrifugeHelper.swift */ = {isa = PBXFileReference; lastKnownFileType = sourcecode.swift; path = CentrifugeHelper.swift; sourceTree = "<group>"; };
		E0E54318212F968D00CB46EF /* Alert.swift */ = {isa = PBXFileReference; lastKnownFileType = sourcecode.swift; path = Alert.swift; sourceTree = "<group>"; };
		E0F5687620EB10880017BED5 /* Const.swift */ = {isa = PBXFileReference; lastKnownFileType = sourcecode.swift; path = Const.swift; sourceTree = "<group>"; };
		E0F5687820EC61CF0017BED5 /* NewsViewController.swift */ = {isa = PBXFileReference; lastKnownFileType = sourcecode.swift; path = NewsViewController.swift; sourceTree = "<group>"; };
		E0F5687A20EC766B0017BED5 /* MomentViewController.swift */ = {isa = PBXFileReference; lastKnownFileType = sourcecode.swift; path = MomentViewController.swift; sourceTree = "<group>"; };
		E0F5687C20EC77540017BED5 /* BaseTableViewController.swift */ = {isa = PBXFileReference; lastKnownFileType = sourcecode.swift; path = BaseTableViewController.swift; sourceTree = "<group>"; };
		E0F5687E20EC77A20017BED5 /* night_theme.plist */ = {isa = PBXFileReference; fileEncoding = 4; lastKnownFileType = text.plist.xml; path = night_theme.plist; sourceTree = "<group>"; };
		E0F5687F20EC77A20017BED5 /* default_theme.plist */ = {isa = PBXFileReference; fileEncoding = 4; lastKnownFileType = text.plist.xml; path = default_theme.plist; sourceTree = "<group>"; };
		E0F5688320EC7A060017BED5 /* NetworkHelper.swift */ = {isa = PBXFileReference; lastKnownFileType = sourcecode.swift; path = NetworkHelper.swift; sourceTree = "<group>"; };
		E0F5688520EC7AEF0017BED5 /* RefreshHeader.swift */ = {isa = PBXFileReference; lastKnownFileType = sourcecode.swift; path = RefreshHeader.swift; sourceTree = "<group>"; };
		E0F5688A20EC9C020017BED5 /* SVProgressHUD+Extension.swift */ = {isa = PBXFileReference; fileEncoding = 4; lastKnownFileType = sourcecode.swift; path = "SVProgressHUD+Extension.swift"; sourceTree = "<group>"; };
		E0F5688B20EC9C020017BED5 /* Foundation+Extension.swift */ = {isa = PBXFileReference; fileEncoding = 4; lastKnownFileType = sourcecode.swift; path = "Foundation+Extension.swift"; sourceTree = "<group>"; };
		E0F5688C20EC9C020017BED5 /* UIKit+Extension.swift */ = {isa = PBXFileReference; fileEncoding = 4; lastKnownFileType = sourcecode.swift; path = "UIKit+Extension.swift"; sourceTree = "<group>"; };
		EACA7500727AAD5CFB725B2D /* Pods-LearningSwiftTests.release.xcconfig */ = {isa = PBXFileReference; includeInIndex = 1; lastKnownFileType = text.xcconfig; name = "Pods-LearningSwiftTests.release.xcconfig"; path = "Pods/Target Support Files/Pods-LearningSwiftTests/Pods-LearningSwiftTests.release.xcconfig"; sourceTree = "<group>"; };
		EE32F158E1EFB01F25B5ADD0 /* Pods-LearningSwiftUITests.debug.xcconfig */ = {isa = PBXFileReference; includeInIndex = 1; lastKnownFileType = text.xcconfig; name = "Pods-LearningSwiftUITests.debug.xcconfig"; path = "Pods/Target Support Files/Pods-LearningSwiftUITests/Pods-LearningSwiftUITests.debug.xcconfig"; sourceTree = "<group>"; };
		F508FCF493834837E2C64E94 /* Pods-LearningSwiftTests.debug.xcconfig */ = {isa = PBXFileReference; includeInIndex = 1; lastKnownFileType = text.xcconfig; name = "Pods-LearningSwiftTests.debug.xcconfig"; path = "Pods/Target Support Files/Pods-LearningSwiftTests/Pods-LearningSwiftTests.debug.xcconfig"; sourceTree = "<group>"; };
/* End PBXFileReference section */

/* Begin PBXFrameworksBuildPhase section */
		E04D875F20DFA03B006A6ACD /* Frameworks */ = {
			isa = PBXFrameworksBuildPhase;
			buildActionMask = 2147483647;
			files = (
				81518B75FD55DD6FBAAD7E2D /* Pods_LearningSwift.framework in Frameworks */,
			);
			runOnlyForDeploymentPostprocessing = 0;
		};
		E04D877320DFA046006A6ACD /* Frameworks */ = {
			isa = PBXFrameworksBuildPhase;
			buildActionMask = 2147483647;
			files = (
				1CC80AEF1EFF946F78D20B66 /* Pods_LearningSwiftTests.framework in Frameworks */,
			);
			runOnlyForDeploymentPostprocessing = 0;
		};
		E04D877E20DFA046006A6ACD /* Frameworks */ = {
			isa = PBXFrameworksBuildPhase;
			buildActionMask = 2147483647;
			files = (
				6B97D319C4F51514D293557B /* Pods_LearningSwiftUITests.framework in Frameworks */,
			);
			runOnlyForDeploymentPostprocessing = 0;
		};
/* End PBXFrameworksBuildPhase section */

/* Begin PBXGroup section */
		24566B4B1B347893F87CEE00 /* Pods */ = {
			isa = PBXGroup;
			children = (
				C64DC94C88419437867B2B7E /* Pods-LearningSwift.debug.xcconfig */,
				B079A8D1010EEECE7789C49E /* Pods-LearningSwift.release.xcconfig */,
				F508FCF493834837E2C64E94 /* Pods-LearningSwiftTests.debug.xcconfig */,
				EACA7500727AAD5CFB725B2D /* Pods-LearningSwiftTests.release.xcconfig */,
				EE32F158E1EFB01F25B5ADD0 /* Pods-LearningSwiftUITests.debug.xcconfig */,
				9F493703292E898FD9BF0D39 /* Pods-LearningSwiftUITests.release.xcconfig */,
			);
			name = Pods;
			sourceTree = "<group>";
		};
		4A8E43F57482E9729AF4DC4D /* Frameworks */ = {
			isa = PBXGroup;
			children = (
				AC2F7F78D3651DE983E130B6 /* Pods_LearningSwift.framework */,
				31EA80271C3F4EA771405033 /* Pods_LearningSwiftTests.framework */,
				9C762E4A8BD13F5366AB85E1 /* Pods_LearningSwiftUITests.framework */,
			);
			name = Frameworks;
			sourceTree = "<group>";
		};
		E006B5A62119791D0063F2A3 /* Base */ = {
			isa = PBXGroup;
			children = (
				E044C7A520EB0D3A00E9569B /* BaseNavigationController.swift */,
				E0F5687C20EC77540017BED5 /* BaseTableViewController.swift */,
				E006B5B3211A92C80063F2A3 /* BaseViewController.swift */,
				E006B5B5211A93160063F2A3 /* BaseTableViewCell.swift */,
				E006B5B7211A93310063F2A3 /* BaseView.swift */,
			);
			path = Base;
			sourceTree = "<group>";
		};
		E006B5A72119792A0063F2A3 /* MainTab */ = {
			isa = PBXGroup;
			children = (
				E044C7A320EB0B4200E9569B /* MainTabBarController.swift */,
			);
			path = MainTab;
			sourceTree = "<group>";
		};
		E006B5AA2119A2CB0063F2A3 /* Video */ = {
			isa = PBXGroup;
			children = (
				E04D876720DFA03C006A6ACD /* VideoViewController.swift */,
			);
			path = Video;
			sourceTree = "<group>";
		};
		E006B5AB2119A2D60063F2A3 /* Community */ = {
			isa = PBXGroup;
			children = (
				E044C79A20EA2AFF00E9569B /* CommunityViewController.swift */,
				E0F5687A20EC766B0017BED5 /* MomentViewController.swift */,
			);
			path = Community;
			sourceTree = "<group>";
		};
		E006B5AC2119A2DF0063F2A3 /* News */ = {
			isa = PBXGroup;
			children = (
				E03DCF892133FA1400BB2E43 /* Model */,
				E0F5687820EC61CF0017BED5 /* NewsViewController.swift */,
				E03DCF872133EEBF00BB2E43 /* NewsListTableCell.swift */,
			);
			path = News;
			sourceTree = "<group>";
		};
		E006B5AD2119A2EB0063F2A3 /* Chat */ = {
			isa = PBXGroup;
			children = (
				E03DCF91213D249E00BB2E43 /* ViewModel */,
				E0C3072621226B3400C9C263 /* Model */,
				E006B5BA211AC01D0063F2A3 /* ChatDetail */,
				E006B5B9211AC00E0063F2A3 /* ChatList */,
				E03DCF94213FD15600BB2E43 /* Friend */,
			);
			path = Chat;
			sourceTree = "<group>";
		};
		E006B5AE2119A3140063F2A3 /* Refresh */ = {
			isa = PBXGroup;
			children = (
				E0F5688520EC7AEF0017BED5 /* RefreshHeader.swift */,
			);
			path = Refresh;
			sourceTree = "<group>";
		};
		E006B5B9211AC00E0063F2A3 /* ChatList */ = {
			isa = PBXGroup;
			children = (
				E006B5A821199F7F0063F2A3 /* ChatListViewController.swift */,
				E006B5B1211A8B4B0063F2A3 /* ChatListTableCell.swift */,
				E006B5AF2119A3580063F2A3 /* ChatListTableViewDataSource.swift */,
			);
			path = ChatList;
			sourceTree = "<group>";
		};
		E006B5BA211AC01D0063F2A3 /* ChatDetail */ = {
			isa = PBXGroup;
			children = (
				E006B5BB211AC1810063F2A3 /* ChatDetailViewController.swift */,
				E006B5BD211AC7AF0063F2A3 /* ChatDetailTableCell.swift */,
				E03A8643211C1D68001CF144 /* ChatDetailToolBarViewController.swift */,
				E03A863C211BD57E001CF144 /* ChatDetailToolBar.swift */,
				E03A8645211C21E2001CF144 /* ChatMoreView.swift */,
				E03A8647211C21F5001CF144 /* ChatFaceView.swift */,
				E0C3071D212269C400C9C263 /* Emotion */,
			);
			path = ChatDetail;
			sourceTree = "<group>";
		};
		E01CC10B2142135700CAFD93 /* CoreData */ = {
			isa = PBXGroup;
			children = (
				E01CC10C214213E800CAFD93 /* CoreDataHelper.swift */,
			);
			path = CoreData;
			sourceTree = "<group>";
		};
		E01CC14121426BA300CAFD93 /* CoreDataClass */ = {
			isa = PBXGroup;
			children = (
				E062038321476B1300D17846 /* Friend+CoreDataClass.swift */,
				E062038421476B1300D17846 /* Friend+CoreDataProperties.swift */,
				E062038521476B1300D17846 /* Message+CoreDataClass.swift */,
				E062038621476B1300D17846 /* Message+CoreDataProperties.swift */,
				E062038721476B1300D17846 /* Channel+CoreDataClass.swift */,
				E062038821476B1300D17846 /* Channel+CoreDataProperties.swift */,
				E062038921476B1300D17846 /* User+CoreDataClass.swift */,
				E062038A21476B1300D17846 /* User+CoreDataProperties.swift */,
			);
			path = CoreDataClass;
			sourceTree = "<group>";
		};
		E03DCF892133FA1400BB2E43 /* Model */ = {
			isa = PBXGroup;
			children = (
				E03DCF8A2133FA3A00BB2E43 /* NewsModel.swift */,
			);
			path = Model;
			sourceTree = "<group>";
		};
		E03DCF91213D249E00BB2E43 /* ViewModel */ = {
			isa = PBXGroup;
			children = (
				E03DCF92213D24CE00BB2E43 /* ChatViewModel.swift */,
			);
			path = ViewModel;
			sourceTree = "<group>";
		};
		E03DCF94213FD15600BB2E43 /* Friend */ = {
			isa = PBXGroup;
			children = (
				E03DCF95213FD1A800BB2E43 /* FriendListViewController.swift */,
				E03DCF97213FD1C600BB2E43 /* FriendListTableCell.swift */,
			);
			path = Friend;
			sourceTree = "<group>";
		};
		E044C79C20EB098F00E9569B /* Classes */ = {
			isa = PBXGroup;
			children = (
				E006B5AE2119A3140063F2A3 /* Refresh */,
				E006B5AD2119A2EB0063F2A3 /* Chat */,
				E006B5AC2119A2DF0063F2A3 /* News */,
				E006B5AB2119A2D60063F2A3 /* Community */,
				E006B5AA2119A2CB0063F2A3 /* Video */,
				E006B5A72119792A0063F2A3 /* MainTab */,
				E006B5A62119791D0063F2A3 /* Base */,
			);
			path = Classes;
			sourceTree = "<group>";
		};
		E044C79E20EB0A3100E9569B /* Helpers */ = {
			isa = PBXGroup;
			children = (
				E01CC10B2142135700CAFD93 /* CoreData */,
				E0E54315212EBB5B00CB46EF /* Centrifuge */,
				E0F5688220EC79CD0017BED5 /* Network */,
			);
			path = Helpers;
			sourceTree = "<group>";
		};
		E044C79F20EB0A4200E9569B /* Utilities */ = {
			isa = PBXGroup;
			children = (
				E0C00BC720F7432400E1654F /* Emoji.swift */,
				E0E54318212F968D00CB46EF /* Alert.swift */,
			);
			path = Utilities;
			sourceTree = "<group>";
		};
		E044C7A020EB0A7500E9569B /* Categories */ = {
			isa = PBXGroup;
			children = (
				E0F5688B20EC9C020017BED5 /* Foundation+Extension.swift */,
				E0F5688A20EC9C020017BED5 /* SVProgressHUD+Extension.swift */,
				E0F5688C20EC9C020017BED5 /* UIKit+Extension.swift */,
				E03A8641211BEDDA001CF144 /* UIImage+Extension.swift */,
				E0C3072721226DE600C9C263 /* String+Extension.swift */,
			);
			path = Categories;
			sourceTree = "<group>";
		};
		E044C7A120EB0A9B00E9569B /* UIApplication */ = {
			isa = PBXGroup;
			children = (
				E04D876520DFA03C006A6ACD /* AppDelegate.swift */,
			);
			path = UIApplication;
			sourceTree = "<group>";
		};
		E044C7A220EB0AE200E9569B /* Supporting Files */ = {
			isa = PBXGroup;
			children = (
				E01CC10E214216AC00CAFD93 /* CoreDataModel.xcdatamodeld */,
				E0C3072F2122D9BC00C9C263 /* emoji.plist */,
				E0C3072D2122D9B200C9C263 /* normal_face.plist */,
				E0C00BCB20F7434900E1654F /* emoji_mapping.plist */,
				E0C00BCA20F7434900E1654F /* emoji_sort.plist */,
				E0C00BC920F7434900E1654F /* emojis.plist */,
				E0F5687F20EC77A20017BED5 /* default_theme.plist */,
				E0F5687E20EC77A20017BED5 /* night_theme.plist */,
				E04D876920DFA03C006A6ACD /* Main.storyboard */,
				E04D876C20DFA045006A6ACD /* Assets.xcassets */,
				E04D876E20DFA045006A6ACD /* LaunchScreen.storyboard */,
				E04D877120DFA045006A6ACD /* Info.plist */,
			);
			name = "Supporting Files";
			sourceTree = "<group>";
		};
		E04D875920DFA03B006A6ACD = {
			isa = PBXGroup;
			children = (
				E04D876420DFA03B006A6ACD /* LearningSwift */,
				E04D877920DFA046006A6ACD /* LearningSwiftTests */,
				E04D878420DFA046006A6ACD /* LearningSwiftUITests */,
				E04D876320DFA03B006A6ACD /* Products */,
				4A8E43F57482E9729AF4DC4D /* Frameworks */,
				24566B4B1B347893F87CEE00 /* Pods */,
			);
			sourceTree = "<group>";
		};
		E04D876320DFA03B006A6ACD /* Products */ = {
			isa = PBXGroup;
			children = (
				E04D876220DFA03B006A6ACD /* LearningSwift.app */,
				E04D877620DFA046006A6ACD /* LearningSwiftTests.xctest */,
				E04D878120DFA046006A6ACD /* LearningSwiftUITests.xctest */,
			);
			name = Products;
			sourceTree = "<group>";
		};
		E04D876420DFA03B006A6ACD /* LearningSwift */ = {
			isa = PBXGroup;
			children = (
				E01CC14121426BA300CAFD93 /* CoreDataClass */,
				E0F5687520EB10750017BED5 /* Config */,
				E044C7A020EB0A7500E9569B /* Categories */,
				E044C79F20EB0A4200E9569B /* Utilities */,
				E044C79E20EB0A3100E9569B /* Helpers */,
				E044C79C20EB098F00E9569B /* Classes */,
				E044C7A120EB0A9B00E9569B /* UIApplication */,
				E044C7A220EB0AE200E9569B /* Supporting Files */,
			);
			path = LearningSwift;
			sourceTree = "<group>";
		};
		E04D877920DFA046006A6ACD /* LearningSwiftTests */ = {
			isa = PBXGroup;
			children = (
				E04D877A20DFA046006A6ACD /* LearningSwiftTests.swift */,
				E04D877C20DFA046006A6ACD /* Info.plist */,
			);
			path = LearningSwiftTests;
			sourceTree = "<group>";
		};
		E04D878420DFA046006A6ACD /* LearningSwiftUITests */ = {
			isa = PBXGroup;
			children = (
				E04D878520DFA046006A6ACD /* LearningSwiftUITests.swift */,
				E04D878720DFA046006A6ACD /* Info.plist */,
			);
			path = LearningSwiftUITests;
			sourceTree = "<group>";
		};
		E0C3071D212269C400C9C263 /* Emotion */ = {
			isa = PBXGroup;
			children = (
				E0C3071B211D9A4F00C9C263 /* EmotionListView.swift */,
				E0C3071E212269F500C9C263 /* EmotionMenuView.swift */,
				E0C3072021226A2700C9C263 /* EmotionButton.swift */,
				E0C3072221226AD200C9C263 /* EmotionPageView.swift */,
				E0C3072B2122D77100C9C263 /* FaceManager.swift */,
			);
			path = Emotion;
			sourceTree = "<group>";
		};
		E0C3072621226B3400C9C263 /* Model */ = {
			isa = PBXGroup;
			children = (
				E0C3072421226B2E00C9C263 /* WYEmotion.swift */,
				E03DCF992140C6B000BB2E43 /* ChatModel.swift */,
			);
			path = Model;
			sourceTree = "<group>";
		};
		E0E54315212EBB5B00CB46EF /* Centrifuge */ = {
			isa = PBXGroup;
			children = (
				E0E54316212EBB7600CB46EF /* CentrifugeHelper.swift */,
			);
			path = Centrifuge;
			sourceTree = "<group>";
		};
		E0F5687520EB10750017BED5 /* Config */ = {
			isa = PBXGroup;
			children = (
				E0F5687620EB10880017BED5 /* Const.swift */,
				E0C307292122836700C9C263 /* MessageConst.swift */,
				E0E54313212C05EB00CB46EF /* NotificationConst.swift */,
				E03A8649211C2E4E001CF144 /* Enums.swift */,
			);
			path = Config;
			sourceTree = "<group>";
		};
		E0F5688220EC79CD0017BED5 /* Network */ = {
			isa = PBXGroup;
			children = (
				E0F5688320EC7A060017BED5 /* NetworkHelper.swift */,
				E03DCF852133E50000BB2E43 /* OathTokenHelper.swift */,
			);
			path = Network;
			sourceTree = "<group>";
		};
/* End PBXGroup section */

/* Begin PBXNativeTarget section */
		E04D876120DFA03B006A6ACD /* LearningSwift */ = {
			isa = PBXNativeTarget;
			buildConfigurationList = E04D878A20DFA046006A6ACD /* Build configuration list for PBXNativeTarget "LearningSwift" */;
			buildPhases = (
				1E4A0A7335E29AD104D85A7D /* [CP] Check Pods Manifest.lock */,
				E04D875E20DFA03B006A6ACD /* Sources */,
				E04D875F20DFA03B006A6ACD /* Frameworks */,
				E04D876020DFA03B006A6ACD /* Resources */,
				E62B3A4DFF81A239374275BF /* [CP] Embed Pods Frameworks */,
			);
			buildRules = (
			);
			dependencies = (
			);
			name = LearningSwift;
			productName = LearningSwift;
			productReference = E04D876220DFA03B006A6ACD /* LearningSwift.app */;
			productType = "com.apple.product-type.application";
		};
		E04D877520DFA046006A6ACD /* LearningSwiftTests */ = {
			isa = PBXNativeTarget;
			buildConfigurationList = E04D878D20DFA046006A6ACD /* Build configuration list for PBXNativeTarget "LearningSwiftTests" */;
			buildPhases = (
				0A8D2527741F6B5CED1FFD9C /* [CP] Check Pods Manifest.lock */,
				E04D877220DFA046006A6ACD /* Sources */,
				E04D877320DFA046006A6ACD /* Frameworks */,
				E04D877420DFA046006A6ACD /* Resources */,
			);
			buildRules = (
			);
			dependencies = (
				E04D877820DFA046006A6ACD /* PBXTargetDependency */,
			);
			name = LearningSwiftTests;
			productName = LearningSwiftTests;
			productReference = E04D877620DFA046006A6ACD /* LearningSwiftTests.xctest */;
			productType = "com.apple.product-type.bundle.unit-test";
		};
		E04D878020DFA046006A6ACD /* LearningSwiftUITests */ = {
			isa = PBXNativeTarget;
			buildConfigurationList = E04D879020DFA046006A6ACD /* Build configuration list for PBXNativeTarget "LearningSwiftUITests" */;
			buildPhases = (
				EC9354F6A29C485A1F45B186 /* [CP] Check Pods Manifest.lock */,
				E04D877D20DFA046006A6ACD /* Sources */,
				E04D877E20DFA046006A6ACD /* Frameworks */,
				E04D877F20DFA046006A6ACD /* Resources */,
			);
			buildRules = (
			);
			dependencies = (
				E04D878320DFA046006A6ACD /* PBXTargetDependency */,
			);
			name = LearningSwiftUITests;
			productName = LearningSwiftUITests;
			productReference = E04D878120DFA046006A6ACD /* LearningSwiftUITests.xctest */;
			productType = "com.apple.product-type.bundle.ui-testing";
		};
/* End PBXNativeTarget section */

/* Begin PBXProject section */
		E04D875A20DFA03B006A6ACD /* Project object */ = {
			isa = PBXProject;
			attributes = {
				LastSwiftUpdateCheck = 0930;
				LastUpgradeCheck = 0930;
				ORGANIZATIONNAME = wangyuan;
				TargetAttributes = {
					E04D876120DFA03B006A6ACD = {
						CreatedOnToolsVersion = 9.3;
						LastSwiftMigration = 0930;
					};
					E04D877520DFA046006A6ACD = {
						CreatedOnToolsVersion = 9.3;
						TestTargetID = E04D876120DFA03B006A6ACD;
					};
					E04D878020DFA046006A6ACD = {
						CreatedOnToolsVersion = 9.3;
						TestTargetID = E04D876120DFA03B006A6ACD;
					};
				};
			};
			buildConfigurationList = E04D875D20DFA03B006A6ACD /* Build configuration list for PBXProject "LearningSwift" */;
			compatibilityVersion = "Xcode 9.3";
			developmentRegion = en;
			hasScannedForEncodings = 0;
			knownRegions = (
				en,
				Base,
			);
			mainGroup = E04D875920DFA03B006A6ACD;
			productRefGroup = E04D876320DFA03B006A6ACD /* Products */;
			projectDirPath = "";
			projectRoot = "";
			targets = (
				E04D876120DFA03B006A6ACD /* LearningSwift */,
				E04D877520DFA046006A6ACD /* LearningSwiftTests */,
				E04D878020DFA046006A6ACD /* LearningSwiftUITests */,
			);
		};
/* End PBXProject section */

/* Begin PBXResourcesBuildPhase section */
		E04D876020DFA03B006A6ACD /* Resources */ = {
			isa = PBXResourcesBuildPhase;
			buildActionMask = 2147483647;
			files = (
				E04D877020DFA045006A6ACD /* LaunchScreen.storyboard in Resources */,
				E04D876D20DFA045006A6ACD /* Assets.xcassets in Resources */,
				E0C00BCD20F7434900E1654F /* emoji_sort.plist in Resources */,
				E04D876B20DFA03C006A6ACD /* Main.storyboard in Resources */,
				E0C3072E2122D9B200C9C263 /* normal_face.plist in Resources */,
				E0C00BCE20F7434900E1654F /* emoji_mapping.plist in Resources */,
				E0C00BCC20F7434900E1654F /* emojis.plist in Resources */,
				E0F5688020EC77A20017BED5 /* night_theme.plist in Resources */,
				E0F5688120EC77A20017BED5 /* default_theme.plist in Resources */,
				E0C307302122D9BC00C9C263 /* emoji.plist in Resources */,
			);
			runOnlyForDeploymentPostprocessing = 0;
		};
		E04D877420DFA046006A6ACD /* Resources */ = {
			isa = PBXResourcesBuildPhase;
			buildActionMask = 2147483647;
			files = (
			);
			runOnlyForDeploymentPostprocessing = 0;
		};
		E04D877F20DFA046006A6ACD /* Resources */ = {
			isa = PBXResourcesBuildPhase;
			buildActionMask = 2147483647;
			files = (
			);
			runOnlyForDeploymentPostprocessing = 0;
		};
/* End PBXResourcesBuildPhase section */

/* Begin PBXShellScriptBuildPhase section */
		0A8D2527741F6B5CED1FFD9C /* [CP] Check Pods Manifest.lock */ = {
			isa = PBXShellScriptBuildPhase;
			buildActionMask = 2147483647;
			files = (
			);
			inputPaths = (
				"${PODS_PODFILE_DIR_PATH}/Podfile.lock",
				"${PODS_ROOT}/Manifest.lock",
			);
			name = "[CP] Check Pods Manifest.lock";
			outputPaths = (
				"$(DERIVED_FILE_DIR)/Pods-LearningSwiftTests-checkManifestLockResult.txt",
			);
			runOnlyForDeploymentPostprocessing = 0;
			shellPath = /bin/sh;
			shellScript = "diff \"${PODS_PODFILE_DIR_PATH}/Podfile.lock\" \"${PODS_ROOT}/Manifest.lock\" > /dev/null\nif [ $? != 0 ] ; then\n    # print error to STDERR\n    echo \"error: The sandbox is not in sync with the Podfile.lock. Run 'pod install' or update your CocoaPods installation.\" >&2\n    exit 1\nfi\n# This output is used by Xcode 'outputs' to avoid re-running this script phase.\necho \"SUCCESS\" > \"${SCRIPT_OUTPUT_FILE_0}\"\n";
			showEnvVarsInLog = 0;
		};
		1E4A0A7335E29AD104D85A7D /* [CP] Check Pods Manifest.lock */ = {
			isa = PBXShellScriptBuildPhase;
			buildActionMask = 2147483647;
			files = (
			);
			inputPaths = (
				"${PODS_PODFILE_DIR_PATH}/Podfile.lock",
				"${PODS_ROOT}/Manifest.lock",
			);
			name = "[CP] Check Pods Manifest.lock";
			outputPaths = (
				"$(DERIVED_FILE_DIR)/Pods-LearningSwift-checkManifestLockResult.txt",
			);
			runOnlyForDeploymentPostprocessing = 0;
			shellPath = /bin/sh;
			shellScript = "diff \"${PODS_PODFILE_DIR_PATH}/Podfile.lock\" \"${PODS_ROOT}/Manifest.lock\" > /dev/null\nif [ $? != 0 ] ; then\n    # print error to STDERR\n    echo \"error: The sandbox is not in sync with the Podfile.lock. Run 'pod install' or update your CocoaPods installation.\" >&2\n    exit 1\nfi\n# This output is used by Xcode 'outputs' to avoid re-running this script phase.\necho \"SUCCESS\" > \"${SCRIPT_OUTPUT_FILE_0}\"\n";
			showEnvVarsInLog = 0;
		};
		E62B3A4DFF81A239374275BF /* [CP] Embed Pods Frameworks */ = {
			isa = PBXShellScriptBuildPhase;
			buildActionMask = 2147483647;
			files = (
			);
			inputPaths = (
				"${SRCROOT}/Pods/Target Support Files/Pods-LearningSwift/Pods-LearningSwift-frameworks.sh",
				"${BUILT_PRODUCTS_DIR}/Alamofire/Alamofire.framework",
				"${BUILT_PRODUCTS_DIR}/CentrifugeiOS/CentrifugeiOS.framework",
				"${BUILT_PRODUCTS_DIR}/FDFullscreenPopGesture/FDFullscreenPopGesture.framework",
				"${BUILT_PRODUCTS_DIR}/HandyJSON/HandyJSON.framework",
				"${BUILT_PRODUCTS_DIR}/IBAnimatable/IBAnimatable.framework",
				"${BUILT_PRODUCTS_DIR}/IDZSwiftCommonCrypto/IDZSwiftCommonCrypto.framework",
				"${BUILT_PRODUCTS_DIR}/Kingfisher/Kingfisher.framework",
				"${BUILT_PRODUCTS_DIR}/MJRefresh/MJRefresh.framework",
				"${BUILT_PRODUCTS_DIR}/RxCocoa/RxCocoa.framework",
				"${BUILT_PRODUCTS_DIR}/RxSwift/RxSwift.framework",
				"${BUILT_PRODUCTS_DIR}/SGPagingView/SGPagingView.framework",
				"${BUILT_PRODUCTS_DIR}/SQLite.swift/SQLite.framework",
				"${BUILT_PRODUCTS_DIR}/SVProgressHUD/SVProgressHUD.framework",
				"${BUILT_PRODUCTS_DIR}/Starscream/Starscream.framework",
				"${BUILT_PRODUCTS_DIR}/SwiftTheme/SwiftTheme.framework",
				"${BUILT_PRODUCTS_DIR}/SwiftyJSON/SwiftyJSON.framework",
				"${BUILT_PRODUCTS_DIR}/lottie-ios/Lottie.framework",
			);
			name = "[CP] Embed Pods Frameworks";
			outputPaths = (
				"${TARGET_BUILD_DIR}/${FRAMEWORKS_FOLDER_PATH}/Alamofire.framework",
				"${TARGET_BUILD_DIR}/${FRAMEWORKS_FOLDER_PATH}/CentrifugeiOS.framework",
				"${TARGET_BUILD_DIR}/${FRAMEWORKS_FOLDER_PATH}/FDFullscreenPopGesture.framework",
				"${TARGET_BUILD_DIR}/${FRAMEWORKS_FOLDER_PATH}/HandyJSON.framework",
				"${TARGET_BUILD_DIR}/${FRAMEWORKS_FOLDER_PATH}/IBAnimatable.framework",
				"${TARGET_BUILD_DIR}/${FRAMEWORKS_FOLDER_PATH}/IDZSwiftCommonCrypto.framework",
				"${TARGET_BUILD_DIR}/${FRAMEWORKS_FOLDER_PATH}/Kingfisher.framework",
				"${TARGET_BUILD_DIR}/${FRAMEWORKS_FOLDER_PATH}/MJRefresh.framework",
				"${TARGET_BUILD_DIR}/${FRAMEWORKS_FOLDER_PATH}/RxCocoa.framework",
				"${TARGET_BUILD_DIR}/${FRAMEWORKS_FOLDER_PATH}/RxSwift.framework",
				"${TARGET_BUILD_DIR}/${FRAMEWORKS_FOLDER_PATH}/SGPagingView.framework",
				"${TARGET_BUILD_DIR}/${FRAMEWORKS_FOLDER_PATH}/SQLite.framework",
				"${TARGET_BUILD_DIR}/${FRAMEWORKS_FOLDER_PATH}/SVProgressHUD.framework",
				"${TARGET_BUILD_DIR}/${FRAMEWORKS_FOLDER_PATH}/Starscream.framework",
				"${TARGET_BUILD_DIR}/${FRAMEWORKS_FOLDER_PATH}/SwiftTheme.framework",
				"${TARGET_BUILD_DIR}/${FRAMEWORKS_FOLDER_PATH}/SwiftyJSON.framework",
				"${TARGET_BUILD_DIR}/${FRAMEWORKS_FOLDER_PATH}/Lottie.framework",
			);
			runOnlyForDeploymentPostprocessing = 0;
			shellPath = /bin/sh;
			shellScript = "\"${SRCROOT}/Pods/Target Support Files/Pods-LearningSwift/Pods-LearningSwift-frameworks.sh\"\n";
			showEnvVarsInLog = 0;
		};
		EC9354F6A29C485A1F45B186 /* [CP] Check Pods Manifest.lock */ = {
			isa = PBXShellScriptBuildPhase;
			buildActionMask = 2147483647;
			files = (
			);
			inputPaths = (
				"${PODS_PODFILE_DIR_PATH}/Podfile.lock",
				"${PODS_ROOT}/Manifest.lock",
			);
			name = "[CP] Check Pods Manifest.lock";
			outputPaths = (
				"$(DERIVED_FILE_DIR)/Pods-LearningSwiftUITests-checkManifestLockResult.txt",
			);
			runOnlyForDeploymentPostprocessing = 0;
			shellPath = /bin/sh;
			shellScript = "diff \"${PODS_PODFILE_DIR_PATH}/Podfile.lock\" \"${PODS_ROOT}/Manifest.lock\" > /dev/null\nif [ $? != 0 ] ; then\n    # print error to STDERR\n    echo \"error: The sandbox is not in sync with the Podfile.lock. Run 'pod install' or update your CocoaPods installation.\" >&2\n    exit 1\nfi\n# This output is used by Xcode 'outputs' to avoid re-running this script phase.\necho \"SUCCESS\" > \"${SCRIPT_OUTPUT_FILE_0}\"\n";
			showEnvVarsInLog = 0;
		};
/* End PBXShellScriptBuildPhase section */

/* Begin PBXSourcesBuildPhase section */
		E04D875E20DFA03B006A6ACD /* Sources */ = {
			isa = PBXSourcesBuildPhase;
			buildActionMask = 2147483647;
			files = (
				E0C3071C211D9A4F00C9C263 /* EmotionListView.swift in Sources */,
				E03A863D211BD57E001CF144 /* ChatDetailToolBar.swift in Sources */,
				E0C3072C2122D77100C9C263 /* FaceManager.swift in Sources */,
				E03DCF9A2140C6B000BB2E43 /* ChatModel.swift in Sources */,
				E0C00BC820F7432400E1654F /* Emoji.swift in Sources */,
				E0F5688F20EC9C020017BED5 /* Foundation+Extension.swift in Sources */,
				E062039121476B1300D17846 /* User+CoreDataClass.swift in Sources */,
				E006B5B02119A3580063F2A3 /* ChatListTableViewDataSource.swift in Sources */,
				E0C3072A2122836700C9C263 /* MessageConst.swift in Sources */,
				E0C3072121226A2700C9C263 /* EmotionButton.swift in Sources */,
				E0E54314212C05EB00CB46EF /* NotificationConst.swift in Sources */,
				E006B5A921199F7F0063F2A3 /* ChatListViewController.swift in Sources */,
				E062038F21476B1300D17846 /* Channel+CoreDataClass.swift in Sources */,
				E03DCF8B2133FA3A00BB2E43 /* NewsModel.swift in Sources */,
				E006B5B4211A92C80063F2A3 /* BaseViewController.swift in Sources */,
				E0C3072821226DE600C9C263 /* String+Extension.swift in Sources */,
				E0C3072321226AD200C9C263 /* EmotionPageView.swift in Sources */,
				E006B5BE211AC7B00063F2A3 /* ChatDetailTableCell.swift in Sources */,
				E0F5687D20EC77540017BED5 /* BaseTableViewController.swift in Sources */,
				E044C79B20EA2AFF00E9569B /* CommunityViewController.swift in Sources */,
				E01CC10D214213E800CAFD93 /* CoreDataHelper.swift in Sources */,
				E0F5689020EC9C020017BED5 /* UIKit+Extension.swift in Sources */,
				E062039021476B1300D17846 /* Channel+CoreDataProperties.swift in Sources */,
				E006B5B6211A93160063F2A3 /* BaseTableViewCell.swift in Sources */,
				E03A8646211C21E2001CF144 /* ChatMoreView.swift in Sources */,
				E03DCF96213FD1A800BB2E43 /* FriendListViewController.swift in Sources */,
				E0F5688420EC7A060017BED5 /* NetworkHelper.swift in Sources */,
				E04D876820DFA03C006A6ACD /* VideoViewController.swift in Sources */,
				E03DCF882133EEBF00BB2E43 /* NewsListTableCell.swift in Sources */,
				E062039221476B1300D17846 /* User+CoreDataProperties.swift in Sources */,
				E006B5BC211AC1810063F2A3 /* ChatDetailViewController.swift in Sources */,
				E03A8648211C21F5001CF144 /* ChatFaceView.swift in Sources */,
				E044C7A420EB0B4200E9569B /* MainTabBarController.swift in Sources */,
				E03A864A211C2E4E001CF144 /* Enums.swift in Sources */,
				E044C7A620EB0D3A00E9569B /* BaseNavigationController.swift in Sources */,
				E062038B21476B1300D17846 /* Friend+CoreDataClass.swift in Sources */,
				E0E54317212EBB7600CB46EF /* CentrifugeHelper.swift in Sources */,
				E0F5687B20EC766B0017BED5 /* MomentViewController.swift in Sources */,
				E01CC110214216AC00CAFD93 /* CoreDataModel.xcdatamodeld in Sources */,
				E03A8644211C1D68001CF144 /* ChatDetailToolBarViewController.swift in Sources */,
				E03A8642211BEDDA001CF144 /* UIImage+Extension.swift in Sources */,
				E006B5B2211A8B4B0063F2A3 /* ChatListTableCell.swift in Sources */,
				E0C3071F212269F500C9C263 /* EmotionMenuView.swift in Sources */,
				E0F5687920EC61CF0017BED5 /* NewsViewController.swift in Sources */,
				E03DCF98213FD1C600BB2E43 /* FriendListTableCell.swift in Sources */,
				E062038C21476B1300D17846 /* Friend+CoreDataProperties.swift in Sources */,
				E04D876620DFA03C006A6ACD /* AppDelegate.swift in Sources */,
				E0F5688E20EC9C020017BED5 /* SVProgressHUD+Extension.swift in Sources */,
				E062038E21476B1300D17846 /* Message+CoreDataProperties.swift in Sources */,
				E006B5B8211A93310063F2A3 /* BaseView.swift in Sources */,
				E0C3072521226B2E00C9C263 /* WYEmotion.swift in Sources */,
				E0F5687720EB10880017BED5 /* Const.swift in Sources */,
				E062038D21476B1300D17846 /* Message+CoreDataClass.swift in Sources */,
				E0E54319212F968D00CB46EF /* Alert.swift in Sources */,
				E0F5688620EC7AEF0017BED5 /* RefreshHeader.swift in Sources */,
				E03DCF93213D24CE00BB2E43 /* ChatViewModel.swift in Sources */,
				E03DCF862133E50000BB2E43 /* OathTokenHelper.swift in Sources */,
			);
			runOnlyForDeploymentPostprocessing = 0;
		};
		E04D877220DFA046006A6ACD /* Sources */ = {
			isa = PBXSourcesBuildPhase;
			buildActionMask = 2147483647;
			files = (
				E04D877B20DFA046006A6ACD /* LearningSwiftTests.swift in Sources */,
			);
			runOnlyForDeploymentPostprocessing = 0;
		};
		E04D877D20DFA046006A6ACD /* Sources */ = {
			isa = PBXSourcesBuildPhase;
			buildActionMask = 2147483647;
			files = (
				E04D878620DFA046006A6ACD /* LearningSwiftUITests.swift in Sources */,
			);
			runOnlyForDeploymentPostprocessing = 0;
		};
/* End PBXSourcesBuildPhase section */

/* Begin PBXTargetDependency section */
		E04D877820DFA046006A6ACD /* PBXTargetDependency */ = {
			isa = PBXTargetDependency;
			target = E04D876120DFA03B006A6ACD /* LearningSwift */;
			targetProxy = E04D877720DFA046006A6ACD /* PBXContainerItemProxy */;
		};
		E04D878320DFA046006A6ACD /* PBXTargetDependency */ = {
			isa = PBXTargetDependency;
			target = E04D876120DFA03B006A6ACD /* LearningSwift */;
			targetProxy = E04D878220DFA046006A6ACD /* PBXContainerItemProxy */;
		};
/* End PBXTargetDependency section */

/* Begin PBXVariantGroup section */
		E04D876920DFA03C006A6ACD /* Main.storyboard */ = {
			isa = PBXVariantGroup;
			children = (
				E04D876A20DFA03C006A6ACD /* Base */,
			);
			name = Main.storyboard;
			sourceTree = "<group>";
		};
		E04D876E20DFA045006A6ACD /* LaunchScreen.storyboard */ = {
			isa = PBXVariantGroup;
			children = (
				E04D876F20DFA045006A6ACD /* Base */,
			);
			name = LaunchScreen.storyboard;
			sourceTree = "<group>";
		};
/* End PBXVariantGroup section */

/* Begin XCBuildConfiguration section */
		E04D878820DFA046006A6ACD /* Debug */ = {
			isa = XCBuildConfiguration;
			buildSettings = {
				ALWAYS_SEARCH_USER_PATHS = NO;
				CLANG_ANALYZER_NONNULL = YES;
				CLANG_ANALYZER_NUMBER_OBJECT_CONVERSION = YES_AGGRESSIVE;
				CLANG_CXX_LANGUAGE_STANDARD = "gnu++14";
				CLANG_CXX_LIBRARY = "libc++";
				CLANG_ENABLE_MODULES = YES;
				CLANG_ENABLE_OBJC_ARC = YES;
				CLANG_ENABLE_OBJC_WEAK = YES;
				CLANG_WARN_BLOCK_CAPTURE_AUTORELEASING = YES;
				CLANG_WARN_BOOL_CONVERSION = YES;
				CLANG_WARN_COMMA = YES;
				CLANG_WARN_CONSTANT_CONVERSION = YES;
				CLANG_WARN_DEPRECATED_OBJC_IMPLEMENTATIONS = YES;
				CLANG_WARN_DIRECT_OBJC_ISA_USAGE = YES_ERROR;
				CLANG_WARN_DOCUMENTATION_COMMENTS = YES;
				CLANG_WARN_EMPTY_BODY = YES;
				CLANG_WARN_ENUM_CONVERSION = YES;
				CLANG_WARN_INFINITE_RECURSION = YES;
				CLANG_WARN_INT_CONVERSION = YES;
				CLANG_WARN_NON_LITERAL_NULL_CONVERSION = YES;
				CLANG_WARN_OBJC_IMPLICIT_RETAIN_SELF = YES;
				CLANG_WARN_OBJC_LITERAL_CONVERSION = YES;
				CLANG_WARN_OBJC_ROOT_CLASS = YES_ERROR;
				CLANG_WARN_RANGE_LOOP_ANALYSIS = YES;
				CLANG_WARN_STRICT_PROTOTYPES = YES;
				CLANG_WARN_SUSPICIOUS_MOVE = YES;
				CLANG_WARN_UNGUARDED_AVAILABILITY = YES_AGGRESSIVE;
				CLANG_WARN_UNREACHABLE_CODE = YES;
				CLANG_WARN__DUPLICATE_METHOD_MATCH = YES;
				CODE_SIGN_IDENTITY = "iPhone Developer";
				COPY_PHASE_STRIP = NO;
				DEBUG_INFORMATION_FORMAT = dwarf;
				ENABLE_STRICT_OBJC_MSGSEND = YES;
				ENABLE_TESTABILITY = YES;
				GCC_C_LANGUAGE_STANDARD = gnu11;
				GCC_DYNAMIC_NO_PIC = NO;
				GCC_NO_COMMON_BLOCKS = YES;
				GCC_OPTIMIZATION_LEVEL = 0;
				GCC_PREPROCESSOR_DEFINITIONS = (
					"DEBUG=1",
					"$(inherited)",
				);
				GCC_WARN_64_TO_32_BIT_CONVERSION = YES;
				GCC_WARN_ABOUT_RETURN_TYPE = YES_ERROR;
				GCC_WARN_UNDECLARED_SELECTOR = YES;
				GCC_WARN_UNINITIALIZED_AUTOS = YES_AGGRESSIVE;
				GCC_WARN_UNUSED_FUNCTION = YES;
				GCC_WARN_UNUSED_VARIABLE = YES;
				IPHONEOS_DEPLOYMENT_TARGET = 11.3;
				MTL_ENABLE_DEBUG_INFO = YES;
				ONLY_ACTIVE_ARCH = YES;
				SDKROOT = iphoneos;
				SWIFT_ACTIVE_COMPILATION_CONDITIONS = DEBUG;
				SWIFT_OPTIMIZATION_LEVEL = "-Onone";
				SWIFT_VERSION = 4.2;
			};
			name = Debug;
		};
		E04D878920DFA046006A6ACD /* Release */ = {
			isa = XCBuildConfiguration;
			buildSettings = {
				ALWAYS_SEARCH_USER_PATHS = NO;
				CLANG_ANALYZER_NONNULL = YES;
				CLANG_ANALYZER_NUMBER_OBJECT_CONVERSION = YES_AGGRESSIVE;
				CLANG_CXX_LANGUAGE_STANDARD = "gnu++14";
				CLANG_CXX_LIBRARY = "libc++";
				CLANG_ENABLE_MODULES = YES;
				CLANG_ENABLE_OBJC_ARC = YES;
				CLANG_ENABLE_OBJC_WEAK = YES;
				CLANG_WARN_BLOCK_CAPTURE_AUTORELEASING = YES;
				CLANG_WARN_BOOL_CONVERSION = YES;
				CLANG_WARN_COMMA = YES;
				CLANG_WARN_CONSTANT_CONVERSION = YES;
				CLANG_WARN_DEPRECATED_OBJC_IMPLEMENTATIONS = YES;
				CLANG_WARN_DIRECT_OBJC_ISA_USAGE = YES_ERROR;
				CLANG_WARN_DOCUMENTATION_COMMENTS = YES;
				CLANG_WARN_EMPTY_BODY = YES;
				CLANG_WARN_ENUM_CONVERSION = YES;
				CLANG_WARN_INFINITE_RECURSION = YES;
				CLANG_WARN_INT_CONVERSION = YES;
				CLANG_WARN_NON_LITERAL_NULL_CONVERSION = YES;
				CLANG_WARN_OBJC_IMPLICIT_RETAIN_SELF = YES;
				CLANG_WARN_OBJC_LITERAL_CONVERSION = YES;
				CLANG_WARN_OBJC_ROOT_CLASS = YES_ERROR;
				CLANG_WARN_RANGE_LOOP_ANALYSIS = YES;
				CLANG_WARN_STRICT_PROTOTYPES = YES;
				CLANG_WARN_SUSPICIOUS_MOVE = YES;
				CLANG_WARN_UNGUARDED_AVAILABILITY = YES_AGGRESSIVE;
				CLANG_WARN_UNREACHABLE_CODE = YES;
				CLANG_WARN__DUPLICATE_METHOD_MATCH = YES;
				CODE_SIGN_IDENTITY = "iPhone Developer";
				COPY_PHASE_STRIP = NO;
				DEBUG_INFORMATION_FORMAT = "dwarf-with-dsym";
				ENABLE_NS_ASSERTIONS = NO;
				ENABLE_STRICT_OBJC_MSGSEND = YES;
				GCC_C_LANGUAGE_STANDARD = gnu11;
				GCC_NO_COMMON_BLOCKS = YES;
				GCC_WARN_64_TO_32_BIT_CONVERSION = YES;
				GCC_WARN_ABOUT_RETURN_TYPE = YES_ERROR;
				GCC_WARN_UNDECLARED_SELECTOR = YES;
				GCC_WARN_UNINITIALIZED_AUTOS = YES_AGGRESSIVE;
				GCC_WARN_UNUSED_FUNCTION = YES;
				GCC_WARN_UNUSED_VARIABLE = YES;
				IPHONEOS_DEPLOYMENT_TARGET = 11.3;
				MTL_ENABLE_DEBUG_INFO = NO;
				SDKROOT = iphoneos;
				SWIFT_COMPILATION_MODE = wholemodule;
				SWIFT_OPTIMIZATION_LEVEL = "-O";
				SWIFT_VERSION = 4.2;
				VALIDATE_PRODUCT = YES;
			};
			name = Release;
		};
		E04D878B20DFA046006A6ACD /* Debug */ = {
			isa = XCBuildConfiguration;
			baseConfigurationReference = C64DC94C88419437867B2B7E /* Pods-LearningSwift.debug.xcconfig */;
			buildSettings = {
				ASSETCATALOG_COMPILER_APPICON_NAME = AppIcon;
				CLANG_ENABLE_MODULES = YES;
				CODE_SIGN_STYLE = Automatic;
				DEVELOPMENT_TEAM = 7C2JFD9GT2;
				INFOPLIST_FILE = LearningSwift/Info.plist;
				IPHONEOS_DEPLOYMENT_TARGET = 10.3;
				LD_RUNPATH_SEARCH_PATHS = (
					"$(inherited)",
					"@executable_path/Frameworks",
				);
				PRODUCT_BUNDLE_IDENTIFIER = com.viper.LearningSwift;
				PRODUCT_NAME = "$(TARGET_NAME)";
				SWIFT_OPTIMIZATION_LEVEL = "-Onone";
				SWIFT_VERSION = 4.2;
				TARGETED_DEVICE_FAMILY = 1;
			};
			name = Debug;
		};
		E04D878C20DFA046006A6ACD /* Release */ = {
			isa = XCBuildConfiguration;
			baseConfigurationReference = B079A8D1010EEECE7789C49E /* Pods-LearningSwift.release.xcconfig */;
			buildSettings = {
				ASSETCATALOG_COMPILER_APPICON_NAME = AppIcon;
				CLANG_ENABLE_MODULES = YES;
				CODE_SIGN_STYLE = Automatic;
				DEVELOPMENT_TEAM = 7C2JFD9GT2;
				INFOPLIST_FILE = LearningSwift/Info.plist;
				IPHONEOS_DEPLOYMENT_TARGET = 10.3;
				LD_RUNPATH_SEARCH_PATHS = (
					"$(inherited)",
					"@executable_path/Frameworks",
				);
				PRODUCT_BUNDLE_IDENTIFIER = com.viper.LearningSwift;
				PRODUCT_NAME = "$(TARGET_NAME)";
				SWIFT_VERSION = 4.2;
				TARGETED_DEVICE_FAMILY = 1;
			};
			name = Release;
		};
		E04D878E20DFA046006A6ACD /* Debug */ = {
			isa = XCBuildConfiguration;
			baseConfigurationReference = F508FCF493834837E2C64E94 /* Pods-LearningSwiftTests.debug.xcconfig */;
			buildSettings = {
				ALWAYS_EMBED_SWIFT_STANDARD_LIBRARIES = YES;
				BUNDLE_LOADER = "$(TEST_HOST)";
				CODE_SIGN_STYLE = Automatic;
				DEVELOPMENT_TEAM = 7C2JFD9GT2;
				INFOPLIST_FILE = LearningSwiftTests/Info.plist;
				LD_RUNPATH_SEARCH_PATHS = (
					"$(inherited)",
					"@executable_path/Frameworks",
					"@loader_path/Frameworks",
				);
				PRODUCT_BUNDLE_IDENTIFIER = com.viper.LearningSwiftTests;
				PRODUCT_NAME = "$(TARGET_NAME)";
				SWIFT_VERSION = 4.2;
				TARGETED_DEVICE_FAMILY = "1,2";
				TEST_HOST = "$(BUILT_PRODUCTS_DIR)/LearningSwift.app/LearningSwift";
			};
			name = Debug;
		};
		E04D878F20DFA046006A6ACD /* Release */ = {
			isa = XCBuildConfiguration;
			baseConfigurationReference = EACA7500727AAD5CFB725B2D /* Pods-LearningSwiftTests.release.xcconfig */;
			buildSettings = {
				ALWAYS_EMBED_SWIFT_STANDARD_LIBRARIES = YES;
				BUNDLE_LOADER = "$(TEST_HOST)";
				CODE_SIGN_STYLE = Automatic;
				DEVELOPMENT_TEAM = 7C2JFD9GT2;
				INFOPLIST_FILE = LearningSwiftTests/Info.plist;
				LD_RUNPATH_SEARCH_PATHS = (
					"$(inherited)",
					"@executable_path/Frameworks",
					"@loader_path/Frameworks",
				);
				PRODUCT_BUNDLE_IDENTIFIER = com.viper.LearningSwiftTests;
				PRODUCT_NAME = "$(TARGET_NAME)";
				SWIFT_VERSION = 4.2;
				TARGETED_DEVICE_FAMILY = "1,2";
				TEST_HOST = "$(BUILT_PRODUCTS_DIR)/LearningSwift.app/LearningSwift";
			};
			name = Release;
		};
		E04D879120DFA046006A6ACD /* Debug */ = {
			isa = XCBuildConfiguration;
			baseConfigurationReference = EE32F158E1EFB01F25B5ADD0 /* Pods-LearningSwiftUITests.debug.xcconfig */;
			buildSettings = {
				ALWAYS_EMBED_SWIFT_STANDARD_LIBRARIES = YES;
				CODE_SIGN_STYLE = Automatic;
				DEVELOPMENT_TEAM = 7C2JFD9GT2;
				INFOPLIST_FILE = LearningSwiftUITests/Info.plist;
				LD_RUNPATH_SEARCH_PATHS = (
					"$(inherited)",
					"@executable_path/Frameworks",
					"@loader_path/Frameworks",
				);
				PRODUCT_BUNDLE_IDENTIFIER = com.viper.LearningSwiftUITests;
				PRODUCT_NAME = "$(TARGET_NAME)";
				SWIFT_VERSION = 4.2;
				TARGETED_DEVICE_FAMILY = "1,2";
				TEST_TARGET_NAME = LearningSwift;
			};
			name = Debug;
		};
		E04D879220DFA046006A6ACD /* Release */ = {
			isa = XCBuildConfiguration;
			baseConfigurationReference = 9F493703292E898FD9BF0D39 /* Pods-LearningSwiftUITests.release.xcconfig */;
			buildSettings = {
				ALWAYS_EMBED_SWIFT_STANDARD_LIBRARIES = YES;
				CODE_SIGN_STYLE = Automatic;
				DEVELOPMENT_TEAM = 7C2JFD9GT2;
				INFOPLIST_FILE = LearningSwiftUITests/Info.plist;
				LD_RUNPATH_SEARCH_PATHS = (
					"$(inherited)",
					"@executable_path/Frameworks",
					"@loader_path/Frameworks",
				);
				PRODUCT_BUNDLE_IDENTIFIER = com.viper.LearningSwiftUITests;
				PRODUCT_NAME = "$(TARGET_NAME)";
				SWIFT_VERSION = 4.2;
				TARGETED_DEVICE_FAMILY = "1,2";
				TEST_TARGET_NAME = LearningSwift;
			};
			name = Release;
		};
/* End XCBuildConfiguration section */

/* Begin XCConfigurationList section */
		E04D875D20DFA03B006A6ACD /* Build configuration list for PBXProject "LearningSwift" */ = {
			isa = XCConfigurationList;
			buildConfigurations = (
				E04D878820DFA046006A6ACD /* Debug */,
				E04D878920DFA046006A6ACD /* Release */,
			);
			defaultConfigurationIsVisible = 0;
			defaultConfigurationName = Release;
		};
		E04D878A20DFA046006A6ACD /* Build configuration list for PBXNativeTarget "LearningSwift" */ = {
			isa = XCConfigurationList;
			buildConfigurations = (
				E04D878B20DFA046006A6ACD /* Debug */,
				E04D878C20DFA046006A6ACD /* Release */,
			);
			defaultConfigurationIsVisible = 0;
			defaultConfigurationName = Release;
		};
		E04D878D20DFA046006A6ACD /* Build configuration list for PBXNativeTarget "LearningSwiftTests" */ = {
			isa = XCConfigurationList;
			buildConfigurations = (
				E04D878E20DFA046006A6ACD /* Debug */,
				E04D878F20DFA046006A6ACD /* Release */,
			);
			defaultConfigurationIsVisible = 0;
			defaultConfigurationName = Release;
		};
		E04D879020DFA046006A6ACD /* Build configuration list for PBXNativeTarget "LearningSwiftUITests" */ = {
			isa = XCConfigurationList;
			buildConfigurations = (
				E04D879120DFA046006A6ACD /* Debug */,
				E04D879220DFA046006A6ACD /* Release */,
			);
			defaultConfigurationIsVisible = 0;
			defaultConfigurationName = Release;
		};
/* End XCConfigurationList section */

/* Begin XCVersionGroup section */
		E01CC10E214216AC00CAFD93 /* CoreDataModel.xcdatamodeld */ = {
			isa = XCVersionGroup;
			children = (
				E01CC10F214216AC00CAFD93 /* CoreDataModel.xcdatamodel */,
			);
			currentVersion = E01CC10F214216AC00CAFD93 /* CoreDataModel.xcdatamodel */;
			path = CoreDataModel.xcdatamodeld;
			sourceTree = "<group>";
			versionGroupType = wrapper.xcdatamodel;
		};
/* End XCVersionGroup section */
	};
	rootObject = E04D875A20DFA03B006A6ACD /* Project object */;
}
